{
  "name": "backend",
  "lockfileVersion": 3,
  "requires": true,
  "packages": {
    "": {
      "dependencies": {
        "depends": "^1.0.0"
      }
    },
    "node_modules/cli": {
      "version": "0.2.8",
      "resolved": "https://registry.npmjs.org/cli/-/cli-0.2.8.tgz",
      "integrity": "sha512-c9E4qGA6IXExAn+X2gLwo6ylJoAsrxJhO35s6wTWC8CkOR7tz2jVRvSnqZWHK3fenAmCYLH0Mok62WpiuNyfig==",
      "engines": {
        "node": ">=0.2.5"
      }
    },
    "node_modules/coffee-script": {
      "version": "1.6.3",
      "resolved": "https://registry.npmjs.org/coffee-script/-/coffee-script-1.6.3.tgz",
      "integrity": "sha512-lpusDYw9xym9ZOqFIeQuzzvTvunm2nlRL++BYhUcLn+77vuidExZG+qDPSKUfDXvuaHeFK6QavntXF+HiOq+/Q==",
      "deprecated": "CoffeeScript on NPM has moved to \"coffeescript\" (no hyphen)",
      "bin": {
        "cake": "bin/cake",
        "coffee": "bin/coffee"
      },
      "engines": {
        "node": ">=0.8.0"
      }
    },
    "node_modules/depends": {
      "version": "1.0.0",
      "resolved": "https://registry.npmjs.org/depends/-/depends-1.0.0.tgz",
      "integrity": "sha512-ZR4KY/3Q59jbliqxZjJmrOG1IKz3UOCsgwV81tr3n3EW6fkbiOWZ4YSNQltqukckX+h6FI2Cp4dCs8bFGiXvKw==",
      "dependencies": {
        "cli": "~0.2.8",
        "coffee-script": "~1.6.2"
      },
      "bin": {
        "depends": "src/bin.js"
      }
    }
  }
}
